
Microsoft Visual Studio Solution File, Format Version 12.00
# Visual Studio 15
VisualStudioVersion = 15.0.28307.779
MinimumVisualStudioVersion = 10.0.40219.1
Project("{E24C65DC-7377-472B-9ABA-BC803B73C61A}") = "rhove", ".", "{72B19194-6988-4D27-AF6F-3DB7AC30D799}"
	ProjectSection(WebsiteProperties) = preProject
		TargetFrameworkMoniker = ".NETFramework,Version%3Dv4.0"
		Debug.AspNetCompiler.VirtualPath = "/localhost_61884"
		Debug.AspNetCompiler.PhysicalPath = "..\rhove\"
		Debug.AspNetCompiler.TargetPath = "PrecompiledWeb\localhost_61884\"
		Debug.AspNetCompiler.Updateable = "true"
		Debug.AspNetCompiler.ForceOverwrite = "true"
		Debug.AspNetCompiler.FixedNames = "false"
		Debug.AspNetCompiler.Debug = "True"
		Release.AspNetCompiler.VirtualPath = "/localhost_61884"
		Release.AspNetCompiler.PhysicalPath = "..\rhove\"
		Release.AspNetCompiler.TargetPath = "PrecompiledWeb\localhost_61884\"
		Release.AspNetCompiler.Updateable = "true"
		Release.AspNetCompiler.ForceOverwrite = "true"
		Release.AspNetCompiler.FixedNames = "false"
		Release.AspNetCompiler.Debug = "False"
		VWDPort = "61884"
		SlnRelativePath = "..\rhove\"
	EndProjectSection
EndProject
Global
	GlobalSection(SolutionConfigurationPlatforms) = preSolution
		Debug|Any CPU = Debug|Any CPU
	EndGlobalSection
	GlobalSection(ProjectConfigurationPlatforms) = postSolution
		{72B19194-6988-4D27-AF6F-3DB7AC30D799}.Debug|Any CPU.ActiveCfg = Debug|Any CPU
		{72B19194-6988-4D27-AF6F-3DB7AC30D799}.Debug|Any CPU.Build.0 = Debug|Any CPU
	EndGlobalSection
	GlobalSection(SolutionProperties) = preSolution
		HideSolutionNode = FALSE
	EndGlobalSection
	GlobalSection(ExtensibilityGlobals) = postSolution
		SolutionGuid = {58BD353E-9D89-4C84-947C-8DC0497503D1}
	EndGlobalSection
EndGlobal
